// !$*UTF8*$!
{
	archiveVersion = 1;
	classes = {
	};
	objectVersion = 55;
	objects = {

/* Begin PBXBuildFile section */
		282C7384294263CB005EC424 /* AppDelegate.swift in Sources */ = {isa = PBXBuildFile; fileRef = 282C7383294263CB005EC424 /* AppDelegate.swift */; };
		282C7386294263CB005EC424 /* SceneDelegate.swift in Sources */ = {isa = PBXBuildFile; fileRef = 282C7385294263CB005EC424 /* SceneDelegate.swift */; };
		282C7388294263CB005EC424 /* ViewController.swift in Sources */ = {isa = PBXBuildFile; fileRef = 282C7387294263CB005EC424 /* ViewController.swift */; };
		282C738E294263CB005EC424 /* Mars.xcdatamodeld in Sources */ = {isa = PBXBuildFile; fileRef = 282C738C294263CB005EC424 /* Mars.xcdatamodeld */; };
		282C7390294263CD005EC424 /* Assets.xcassets in Resources */ = {isa = PBXBuildFile; fileRef = 282C738F294263CD005EC424 /* Assets.xcassets */; };
		282C7393294263CD005EC424 /* LaunchScreen.storyboard in Resources */ = {isa = PBXBuildFile; fileRef = 282C7391294263CD005EC424 /* LaunchScreen.storyboard */; };
		282C73A02942647C005EC424 /* InitialViewModel.swift in Sources */ = {isa = PBXBuildFile; fileRef = 282C739B2942647C005EC424 /* InitialViewModel.swift */; };
		282C73A12942647C005EC424 /* InitialViewController.swift in Sources */ = {isa = PBXBuildFile; fileRef = 282C739C2942647C005EC424 /* InitialViewController.swift */; };
		282C73A22942647C005EC424 /* InitialModel.swift in Sources */ = {isa = PBXBuildFile; fileRef = 282C739D2942647C005EC424 /* InitialModel.swift */; };
		282C73A32942647C005EC424 /* InitialConfigurator.swift in Sources */ = {isa = PBXBuildFile; fileRef = 282C739E2942647C005EC424 /* InitialConfigurator.swift */; };
		282C73A42942647C005EC424 /* InitialRouter.swift in Sources */ = {isa = PBXBuildFile; fileRef = 282C739F2942647C005EC424 /* InitialRouter.swift */; };
		282C73AB2942656E005EC424 /* SettingsViewModel.swift in Sources */ = {isa = PBXBuildFile; fileRef = 282C73A62942656E005EC424 /* SettingsViewModel.swift */; };
		282C73AC2942656E005EC424 /* SettingsViewController.swift in Sources */ = {isa = PBXBuildFile; fileRef = 282C73A72942656E005EC424 /* SettingsViewController.swift */; };
		282C73AD2942656E005EC424 /* SettingsModel.swift in Sources */ = {isa = PBXBuildFile; fileRef = 282C73A82942656E005EC424 /* SettingsModel.swift */; };
		282C73AE2942656E005EC424 /* SettingsConfigurator.swift in Sources */ = {isa = PBXBuildFile; fileRef = 282C73A92942656E005EC424 /* SettingsConfigurator.swift */; };
		282C73AF2942656E005EC424 /* SettingsRouter.swift in Sources */ = {isa = PBXBuildFile; fileRef = 282C73AA2942656E005EC424 /* SettingsRouter.swift */; };
		28C1D7FA2946614300C85CCA /* PickerView.swift in Sources */ = {isa = PBXBuildFile; fileRef = 28C1D7F92946614300C85CCA /* PickerView.swift */; };
		28C1D7FC2946617600C85CCA /* PickerField.swift in Sources */ = {isa = PBXBuildFile; fileRef = 28C1D7FB2946617600C85CCA /* PickerField.swift */; };
		28C1D7FE29466E0E00C85CCA /* UIColor+.swift in Sources */ = {isa = PBXBuildFile; fileRef = 28C1D7FD29466E0E00C85CCA /* UIColor+.swift */; };
		28C1D80029467A5000C85CCA /* NetworkService.swift in Sources */ = {isa = PBXBuildFile; fileRef = 28C1D7FF29467A5000C85CCA /* NetworkService.swift */; };
		5782BE55895D524B3A3D90A9 /* Pods_Mars.framework in Frameworks */ = {isa = PBXBuildFile; fileRef = D6F42DF6D6F3922C1628F576 /* Pods_Mars.framework */; };
/* End PBXBuildFile section */

/* Begin PBXFileReference section */
		282C7380294263CB005EC424 /* Mars.app */ = {isa = PBXFileReference; explicitFileType = wrapper.application; includeInIndex = 0; path = Mars.app; sourceTree = BUILT_PRODUCTS_DIR; };
		282C7383294263CB005EC424 /* AppDelegate.swift */ = {isa = PBXFileReference; lastKnownFileType = sourcecode.swift; path = AppDelegate.swift; sourceTree = "<group>"; };
		282C7385294263CB005EC424 /* SceneDelegate.swift */ = {isa = PBXFileReference; lastKnownFileType = sourcecode.swift; path = SceneDelegate.swift; sourceTree = "<group>"; };
		282C7387294263CB005EC424 /* ViewController.swift */ = {isa = PBXFileReference; lastKnownFileType = sourcecode.swift; path = ViewController.swift; sourceTree = "<group>"; };
		282C738D294263CB005EC424 /* Mars.xcdatamodel */ = {isa = PBXFileReference; lastKnownFileType = wrapper.xcdatamodel; path = Mars.xcdatamodel; sourceTree = "<group>"; };
		282C738F294263CD005EC424 /* Assets.xcassets */ = {isa = PBXFileReference; lastKnownFileType = folder.assetcatalog; path = Assets.xcassets; sourceTree = "<group>"; };
		282C7392294263CD005EC424 /* Base */ = {isa = PBXFileReference; lastKnownFileType = file.storyboard; name = Base; path = Base.lproj/LaunchScreen.storyboard; sourceTree = "<group>"; };
		282C7394294263CD005EC424 /* Info.plist */ = {isa = PBXFileReference; lastKnownFileType = text.plist.xml; path = Info.plist; sourceTree = "<group>"; };
		282C739B2942647C005EC424 /* InitialViewModel.swift */ = {isa = PBXFileReference; lastKnownFileType = sourcecode.swift; path = InitialViewModel.swift; sourceTree = "<group>"; };
		282C739C2942647C005EC424 /* InitialViewController.swift */ = {isa = PBXFileReference; lastKnownFileType = sourcecode.swift; path = InitialViewController.swift; sourceTree = "<group>"; };
		282C739D2942647C005EC424 /* InitialModel.swift */ = {isa = PBXFileReference; lastKnownFileType = sourcecode.swift; path = InitialModel.swift; sourceTree = "<group>"; };
		282C739E2942647C005EC424 /* InitialConfigurator.swift */ = {isa = PBXFileReference; lastKnownFileType = sourcecode.swift; path = InitialConfigurator.swift; sourceTree = "<group>"; };
		282C739F2942647C005EC424 /* InitialRouter.swift */ = {isa = PBXFileReference; lastKnownFileType = sourcecode.swift; path = InitialRouter.swift; sourceTree = "<group>"; };
		282C73A62942656E005EC424 /* SettingsViewModel.swift */ = {isa = PBXFileReference; lastKnownFileType = sourcecode.swift; path = SettingsViewModel.swift; sourceTree = "<group>"; };
		282C73A72942656E005EC424 /* SettingsViewController.swift */ = {isa = PBXFileReference; lastKnownFileType = sourcecode.swift; path = SettingsViewController.swift; sourceTree = "<group>"; };
		282C73A82942656E005EC424 /* SettingsModel.swift */ = {isa = PBXFileReference; lastKnownFileType = sourcecode.swift; path = SettingsModel.swift; sourceTree = "<group>"; };
		282C73A92942656E005EC424 /* SettingsConfigurator.swift */ = {isa = PBXFileReference; lastKnownFileType = sourcecode.swift; path = SettingsConfigurator.swift; sourceTree = "<group>"; };
		282C73AA2942656E005EC424 /* SettingsRouter.swift */ = {isa = PBXFileReference; lastKnownFileType = sourcecode.swift; path = SettingsRouter.swift; sourceTree = "<group>"; };
		28C1D7F92946614300C85CCA /* PickerView.swift */ = {isa = PBXFileReference; lastKnownFileType = sourcecode.swift; path = PickerView.swift; sourceTree = "<group>"; };
		28C1D7FB2946617600C85CCA /* PickerField.swift */ = {isa = PBXFileReference; lastKnownFileType = sourcecode.swift; path = PickerField.swift; sourceTree = "<group>"; };
		28C1D7FD29466E0E00C85CCA /* UIColor+.swift */ = {isa = PBXFileReference; lastKnownFileType = sourcecode.swift; path = "UIColor+.swift"; sourceTree = "<group>"; };
		28C1D7FF29467A5000C85CCA /* NetworkService.swift */ = {isa = PBXFileReference; lastKnownFileType = sourcecode.swift; path = NetworkService.swift; sourceTree = "<group>"; };
		59B6525C97563BD489771490 /* Pods-Mars.release.xcconfig */ = {isa = PBXFileReference; includeInIndex = 1; lastKnownFileType = text.xcconfig; name = "Pods-Mars.release.xcconfig"; path = "Target Support Files/Pods-Mars/Pods-Mars.release.xcconfig"; sourceTree = "<group>"; };
		D6F42DF6D6F3922C1628F576 /* Pods_Mars.framework */ = {isa = PBXFileReference; explicitFileType = wrapper.framework; includeInIndex = 0; path = Pods_Mars.framework; sourceTree = BUILT_PRODUCTS_DIR; };
		E4812CF36C87D4D19C59D744 /* Pods-Mars.debug.xcconfig */ = {isa = PBXFileReference; includeInIndex = 1; lastKnownFileType = text.xcconfig; name = "Pods-Mars.debug.xcconfig"; path = "Target Support Files/Pods-Mars/Pods-Mars.debug.xcconfig"; sourceTree = "<group>"; };
/* End PBXFileReference section */

/* Begin PBXFrameworksBuildPhase section */
		282C737D294263CB005EC424 /* Frameworks */ = {
			isa = PBXFrameworksBuildPhase;
			buildActionMask = 2147483647;
			files = (
				5782BE55895D524B3A3D90A9 /* Pods_Mars.framework in Frameworks */,
			);
			runOnlyForDeploymentPostprocessing = 0;
		};
/* End PBXFrameworksBuildPhase section */

/* Begin PBXGroup section */
		18ED5272559A7239057C2356 /* Pods */ = {
			isa = PBXGroup;
			children = (
				E4812CF36C87D4D19C59D744 /* Pods-Mars.debug.xcconfig */,
				59B6525C97563BD489771490 /* Pods-Mars.release.xcconfig */,
			);
			path = Pods;
			sourceTree = "<group>";
		};
		282C7377294263CB005EC424 = {
			isa = PBXGroup;
			children = (
				282C7382294263CB005EC424 /* Mars */,
				282C7381294263CB005EC424 /* Products */,
				18ED5272559A7239057C2356 /* Pods */,
				B7300B229B83B26A0BC68CEB /* Frameworks */,
			);
			sourceTree = "<group>";
		};
		282C7381294263CB005EC424 /* Products */ = {
			isa = PBXGroup;
			children = (
				282C7380294263CB005EC424 /* Mars.app */,
			);
			name = Products;
			sourceTree = "<group>";
		};
		282C7382294263CB005EC424 /* Mars */ = {
			isa = PBXGroup;
			children = (
				282C7394294263CD005EC424 /* Info.plist */,
				282C7383294263CB005EC424 /* AppDelegate.swift */,
				28C1D7FF29467A5000C85CCA /* NetworkService.swift */,
				282C7385294263CB005EC424 /* SceneDelegate.swift */,
				28C1D7FD29466E0E00C85CCA /* UIColor+.swift */,
				282C7387294263CB005EC424 /* ViewController.swift */,
				282C738F294263CD005EC424 /* Assets.xcassets */,
				282C739A2942645E005EC424 /* Initial */,
				282C7391294263CD005EC424 /* LaunchScreen.storyboard */,
				282C738C294263CB005EC424 /* Mars.xcdatamodeld */,
				282C73A52942653C005EC424 /* Settings */,
			);
			path = Mars;
			sourceTree = "<group>";
		};
		282C739A2942645E005EC424 /* Initial */ = {
			isa = PBXGroup;
			children = (
				282C739E2942647C005EC424 /* InitialConfigurator.swift */,
				282C739D2942647C005EC424 /* InitialModel.swift */,
				282C739F2942647C005EC424 /* InitialRouter.swift */,
				282C739C2942647C005EC424 /* InitialViewController.swift */,
				282C739B2942647C005EC424 /* InitialViewModel.swift */,
			);
			path = Initial;
			sourceTree = "<group>";
		};
		282C73A52942653C005EC424 /* Settings */ = {
			isa = PBXGroup;
			children = (
				282C73A92942656E005EC424 /* SettingsConfigurator.swift */,
				282C73A82942656E005EC424 /* SettingsModel.swift */,
				282C73AA2942656E005EC424 /* SettingsRouter.swift */,
				282C73A72942656E005EC424 /* SettingsViewController.swift */,
				282C73A62942656E005EC424 /* SettingsViewModel.swift */,
				28C1D7F82946612000C85CCA /* CustomView */,
			);
			path = Settings;
			sourceTree = "<group>";
		};
		28C1D7F82946612000C85CCA /* CustomView */ = {
			isa = PBXGroup;
			children = (
				28C1D7F92946614300C85CCA /* PickerView.swift */,
				28C1D7FB2946617600C85CCA /* PickerField.swift */,
			);
			path = CustomView;
			sourceTree = "<group>";
		};
		B7300B229B83B26A0BC68CEB /* Frameworks */ = {
			isa = PBXGroup;
			children = (
				D6F42DF6D6F3922C1628F576 /* Pods_Mars.framework */,
			);
			name = Frameworks;
			sourceTree = "<group>";
		};
/* End PBXGroup section */

/* Begin PBXNativeTarget section */
		282C737F294263CB005EC424 /* Mars */ = {
			isa = PBXNativeTarget;
			buildConfigurationList = 282C7397294263CD005EC424 /* Build configuration list for PBXNativeTarget "Mars" */;
			buildPhases = (
				83FF61901340E82A25991C61 /* [CP] Check Pods Manifest.lock */,
				282C737C294263CB005EC424 /* Sources */,
				282C737D294263CB005EC424 /* Frameworks */,
				282C737E294263CB005EC424 /* Resources */,
				DF064EF9845321F9EAD37D69 /* [CP] Embed Pods Frameworks */,
			);
			buildRules = (
			);
			dependencies = (
			);
			name = Mars;
			productName = Mars;
			productReference = 282C7380294263CB005EC424 /* Mars.app */;
			productType = "com.apple.product-type.application";
		};
/* End PBXNativeTarget section */

/* Begin PBXProject section */
		282C7378294263CB005EC424 /* Project object */ = {
			isa = PBXProject;
			attributes = {
				BuildIndependentTargetsInParallel = 1;
				LastSwiftUpdateCheck = 1340;
				LastUpgradeCheck = 1340;
				TargetAttributes = {
					282C737F294263CB005EC424 = {
						CreatedOnToolsVersion = 13.4.1;
					};
				};
			};
			buildConfigurationList = 282C737B294263CB005EC424 /* Build configuration list for PBXProject "Mars" */;
			compatibilityVersion = "Xcode 13.0";
			developmentRegion = en;
			hasScannedForEncodings = 0;
			knownRegions = (
				en,
				Base,
			);
			mainGroup = 282C7377294263CB005EC424;
			productRefGroup = 282C7381294263CB005EC424 /* Products */;
			projectDirPath = "";
			projectRoot = "";
			targets = (
				282C737F294263CB005EC424 /* Mars */,
			);
		};
/* End PBXProject section */

/* Begin PBXResourcesBuildPhase section */
		282C737E294263CB005EC424 /* Resources */ = {
			isa = PBXResourcesBuildPhase;
			buildActionMask = 2147483647;
			files = (
				282C7393294263CD005EC424 /* LaunchScreen.storyboard in Resources */,
				282C7390294263CD005EC424 /* Assets.xcassets in Resources */,
			);
			runOnlyForDeploymentPostprocessing = 0;
		};
/* End PBXResourcesBuildPhase section */

/* Begin PBXShellScriptBuildPhase section */
		83FF61901340E82A25991C61 /* [CP] Check Pods Manifest.lock */ = {
			isa = PBXShellScriptBuildPhase;
			buildActionMask = 2147483647;
			files = (
			);
			inputFileListPaths = (
			);
			inputPaths = (
				"${PODS_PODFILE_DIR_PATH}/Podfile.lock",
				"${PODS_ROOT}/Manifest.lock",
			);
			name = "[CP] Check Pods Manifest.lock";
			outputFileListPaths = (
			);
			outputPaths = (
				"$(DERIVED_FILE_DIR)/Pods-Mars-checkManifestLockResult.txt",
			);
			runOnlyForDeploymentPostprocessing = 0;
			shellPath = /bin/sh;
			shellScript = "diff \"${PODS_PODFILE_DIR_PATH}/Podfile.lock\" \"${PODS_ROOT}/Manifest.lock\" > /dev/null\nif [ $? != 0 ] ; then\n    # print error to STDERR\n    echo \"error: The sandbox is not in sync with the Podfile.lock. Run 'pod install' or update your CocoaPods installation.\" >&2\n    exit 1\nfi\n# This output is used by Xcode 'outputs' to avoid re-running this script phase.\necho \"SUCCESS\" > \"${SCRIPT_OUTPUT_FILE_0}\"\n";
			showEnvVarsInLog = 0;
		};
		DF064EF9845321F9EAD37D69 /* [CP] Embed Pods Frameworks */ = {
			isa = PBXShellScriptBuildPhase;
			buildActionMask = 2147483647;
			files = (
			);
			inputFileListPaths = (
				"${PODS_ROOT}/Target Support Files/Pods-Mars/Pods-Mars-frameworks-${CONFIGURATION}-input-files.xcfilelist",
			);
			name = "[CP] Embed Pods Frameworks";
			outputFileListPaths = (
				"${PODS_ROOT}/Target Support Files/Pods-Mars/Pods-Mars-frameworks-${CONFIGURATION}-output-files.xcfilelist",
			);
			runOnlyForDeploymentPostprocessing = 0;
			shellPath = /bin/sh;
			shellScript = "\"${PODS_ROOT}/Target Support Files/Pods-Mars/Pods-Mars-frameworks.sh\"\n";
			showEnvVarsInLog = 0;
		};
/* End PBXShellScriptBuildPhase section */

/* Begin PBXSourcesBuildPhase section */
		282C737C294263CB005EC424 /* Sources */ = {
			isa = PBXSourcesBuildPhase;
			buildActionMask = 2147483647;
			files = (
				282C73AD2942656E005EC424 /* SettingsModel.swift in Sources */,
				282C738E294263CB005EC424 /* Mars.xcdatamodeld in Sources */,
				282C73A32942647C005EC424 /* InitialConfigurator.swift in Sources */,
				282C73AF2942656E005EC424 /* SettingsRouter.swift in Sources */,
				28C1D80029467A5000C85CCA /* NetworkService.swift in Sources */,
				282C73AC2942656E005EC424 /* SettingsViewController.swift in Sources */,
				282C73A02942647C005EC424 /* InitialViewModel.swift in Sources */,
				282C73A42942647C005EC424 /* InitialRouter.swift in Sources */,
				282C7388294263CB005EC424 /* ViewController.swift in Sources */,
				28C1D7FE29466E0E00C85CCA /* UIColor+.swift in Sources */,
				28C1D7FA2946614300C85CCA /* PickerView.swift in Sources */,
				282C73AE2942656E005EC424 /* SettingsConfigurator.swift in Sources */,
				282C73AB2942656E005EC424 /* SettingsViewModel.swift in Sources */,
				282C73A12942647C005EC424 /* InitialViewController.swift in Sources */,
				282C7384294263CB005EC424 /* AppDelegate.swift in Sources */,
				282C7386294263CB005EC424 /* SceneDelegate.swift in Sources */,
				28C1D7FC2946617600C85CCA /* PickerField.swift in Sources */,
				282C73A22942647C005EC424 /* InitialModel.swift in Sources */,
			);
			runOnlyForDeploymentPostprocessing = 0;
		};
/* End PBXSourcesBuildPhase section */

/* Begin PBXVariantGroup section */
		282C7391294263CD005EC424 /* LaunchScreen.storyboard */ = {
			isa = PBXVariantGroup;
			children = (
				282C7392294263CD005EC424 /* Base */,
			);
			name = LaunchScreen.storyboard;
			sourceTree = "<group>";
		};
/* End PBXVariantGroup section */

/* Begin XCBuildConfiguration section */
		282C7395294263CD005EC424 /* Debug */ = {
			isa = XCBuildConfiguration;
			buildSettings = {
				ALWAYS_SEARCH_USER_PATHS = NO;
				CLANG_ANALYZER_NONNULL = YES;
				CLANG_ANALYZER_NUMBER_OBJECT_CONVERSION = YES_AGGRESSIVE;
				CLANG_CXX_LANGUAGE_STANDARD = "gnu++17";
				CLANG_ENABLE_MODULES = YES;
				CLANG_ENABLE_OBJC_ARC = YES;
				CLANG_ENABLE_OBJC_WEAK = YES;
				CLANG_WARN_BLOCK_CAPTURE_AUTORELEASING = YES;
				CLANG_WARN_BOOL_CONVERSION = YES;
				CLANG_WARN_COMMA = YES;
				CLANG_WARN_CONSTANT_CONVERSION = YES;
				CLANG_WARN_DEPRECATED_OBJC_IMPLEMENTATIONS = YES;
				CLANG_WARN_DIRECT_OBJC_ISA_USAGE = YES_ERROR;
				CLANG_WARN_DOCUMENTATION_COMMENTS = YES;
				CLANG_WARN_EMPTY_BODY = YES;
				CLANG_WARN_ENUM_CONVERSION = YES;
				CLANG_WARN_INFINITE_RECURSION = YES;
				CLANG_WARN_INT_CONVERSION = YES;
				CLANG_WARN_NON_LITERAL_NULL_CONVERSION = YES;
				CLANG_WARN_OBJC_IMPLICIT_RETAIN_SELF = YES;
				CLANG_WARN_OBJC_LITERAL_CONVERSION = YES;
				CLANG_WARN_OBJC_ROOT_CLASS = YES_ERROR;
				CLANG_WARN_QUOTED_INCLUDE_IN_FRAMEWORK_HEADER = YES;
				CLANG_WARN_RANGE_LOOP_ANALYSIS = YES;
				CLANG_WARN_STRICT_PROTOTYPES = YES;
				CLANG_WARN_SUSPICIOUS_MOVE = YES;
				CLANG_WARN_UNGUARDED_AVAILABILITY = YES_AGGRESSIVE;
				CLANG_WARN_UNREACHABLE_CODE = YES;
				CLANG_WARN__DUPLICATE_METHOD_MATCH = YES;
				COPY_PHASE_STRIP = NO;
				DEBUG_INFORMATION_FORMAT = dwarf;
				ENABLE_STRICT_OBJC_MSGSEND = YES;
				ENABLE_TESTABILITY = YES;
				GCC_C_LANGUAGE_STANDARD = gnu11;
				GCC_DYNAMIC_NO_PIC = NO;
				GCC_NO_COMMON_BLOCKS = YES;
				GCC_OPTIMIZATION_LEVEL = 0;
				GCC_PREPROCESSOR_DEFINITIONS = (
					"DEBUG=1",
					"$(inherited)",
				);
				GCC_WARN_64_TO_32_BIT_CONVERSION = YES;
				GCC_WARN_ABOUT_RETURN_TYPE = YES_ERROR;
				GCC_WARN_UNDECLARED_SELECTOR = YES;
				GCC_WARN_UNINITIALIZED_AUTOS = YES_AGGRESSIVE;
				GCC_WARN_UNUSED_FUNCTION = YES;
				GCC_WARN_UNUSED_VARIABLE = YES;
				IPHONEOS_DEPLOYMENT_TARGET = 15.5;
				MTL_ENABLE_DEBUG_INFO = INCLUDE_SOURCE;
				MTL_FAST_MATH = YES;
				ONLY_ACTIVE_ARCH = YES;
				SDKROOT = iphoneos;
				SWIFT_ACTIVE_COMPILATION_CONDITIONS = DEBUG;
				SWIFT_OPTIMIZATION_LEVEL = "-Onone";
			};
			name = Debug;
		};
		282C7396294263CD005EC424 /* Release */ = {
			isa = XCBuildConfiguration;
			buildSettings = {
				ALWAYS_SEARCH_USER_PATHS = NO;
				CLANG_ANALYZER_NONNULL = YES;
				CLANG_ANALYZER_NUMBER_OBJECT_CONVERSION = YES_AGGRESSIVE;
				CLANG_CXX_LANGUAGE_STANDARD = "gnu++17";
				CLANG_ENABLE_MODULES = YES;
				CLANG_ENABLE_OBJC_ARC = YES;
				CLANG_ENABLE_OBJC_WEAK = YES;
				CLANG_WARN_BLOCK_CAPTURE_AUTORELEASING = YES;
				CLANG_WARN_BOOL_CONVERSION = YES;
				CLANG_WARN_COMMA = YES;
				CLANG_WARN_CONSTANT_CONVERSION = YES;
				CLANG_WARN_DEPRECATED_OBJC_IMPLEMENTATIONS = YES;
				CLANG_WARN_DIRECT_OBJC_ISA_USAGE = YES_ERROR;
				CLANG_WARN_DOCUMENTATION_COMMENTS = YES;
				CLANG_WARN_EMPTY_BODY = YES;
				CLANG_WARN_ENUM_CONVERSION = YES;
				CLANG_WARN_INFINITE_RECURSION = YES;
				CLANG_WARN_INT_CONVERSION = YES;
				CLANG_WARN_NON_LITERAL_NULL_CONVERSION = YES;
				CLANG_WARN_OBJC_IMPLICIT_RETAIN_SELF = YES;
				CLANG_WARN_OBJC_LITERAL_CONVERSION = YES;
				CLANG_WARN_OBJC_ROOT_CLASS = YES_ERROR;
				CLANG_WARN_QUOTED_INCLUDE_IN_FRAMEWORK_HEADER = YES;
				CLANG_WARN_RANGE_LOOP_ANALYSIS = YES;
				CLANG_WARN_STRICT_PROTOTYPES = YES;
				CLANG_WARN_SUSPICIOUS_MOVE = YES;
				CLANG_WARN_UNGUARDED_AVAILABILITY = YES_AGGRESSIVE;
				CLANG_WARN_UNREACHABLE_CODE = YES;
				CLANG_WARN__DUPLICATE_METHOD_MATCH = YES;
				COPY_PHASE_STRIP = NO;
				DEBUG_INFORMATION_FORMAT = "dwarf-with-dsym";
				ENABLE_NS_ASSERTIONS = NO;
				ENABLE_STRICT_OBJC_MSGSEND = YES;
				GCC_C_LANGUAGE_STANDARD = gnu11;
				GCC_NO_COMMON_BLOCKS = YES;
				GCC_WARN_64_TO_32_BIT_CONVERSION = YES;
				GCC_WARN_ABOUT_RETURN_TYPE = YES_ERROR;
				GCC_WARN_UNDECLARED_SELECTOR = YES;
				GCC_WARN_UNINITIALIZED_AUTOS = YES_AGGRESSIVE;
				GCC_WARN_UNUSED_FUNCTION = YES;
				GCC_WARN_UNUSED_VARIABLE = YES;
				IPHONEOS_DEPLOYMENT_TARGET = 15.5;
				MTL_ENABLE_DEBUG_INFO = NO;
				MTL_FAST_MATH = YES;
				SDKROOT = iphoneos;
				SWIFT_COMPILATION_MODE = wholemodule;
				SWIFT_OPTIMIZATION_LEVEL = "-O";
				VALIDATE_PRODUCT = YES;
			};
			name = Release;
		};
		282C7398294263CD005EC424 /* Debug */ = {
			isa = XCBuildConfiguration;
			baseConfigurationReference = E4812CF36C87D4D19C59D744 /* Pods-Mars.debug.xcconfig */;
			buildSettings = {
				ASSETCATALOG_COMPILER_APPICON_NAME = AppIcon;
				ASSETCATALOG_COMPILER_GLOBAL_ACCENT_COLOR_NAME = AccentColor;
				CODE_SIGN_STYLE = Automatic;
				CURRENT_PROJECT_VERSION = 1;
				DEVELOPMENT_TEAM = N8WXG988VJ;
				GENERATE_INFOPLIST_FILE = YES;
				INFOPLIST_FILE = Mars/Info.plist;
				INFOPLIST_KEY_UIApplicationSupportsIndirectInputEvents = YES;
				INFOPLIST_KEY_UILaunchStoryboardName = LaunchScreen;
				INFOPLIST_KEY_UISupportedInterfaceOrientations_iPad = "UIInterfaceOrientationPortrait UIInterfaceOrientationPortraitUpsideDown UIInterfaceOrientationLandscapeLeft UIInterfaceOrientationLandscapeRight";
				INFOPLIST_KEY_UISupportedInterfaceOrientations_iPhone = "UIInterfaceOrientationPortrait UIInterfaceOrientationLandscapeLeft UIInterfaceOrientationLandscapeRight";
				IPHONEOS_DEPLOYMENT_TARGET = 14.4;
				LD_RUNPATH_SEARCH_PATHS = (
					"$(inherited)",
					"@executable_path/Frameworks",
				);
				MARKETING_VERSION = 1.0.0;
				PRODUCT_BUNDLE_IDENTIFIER = bcc.starbusiness;
				PRODUCT_NAME = "$(TARGET_NAME)";
				SWIFT_EMIT_LOC_STRINGS = YES;
				SWIFT_VERSION = 5.0;
				TARGETED_DEVICE_FAMILY = 1;
			};
			name = Debug;
		};
		282C7399294263CD005EC424 /* Release */ = {
			isa = XCBuildConfiguration;
			baseConfigurationReference = 59B6525C97563BD489771490 /* Pods-Mars.release.xcconfig */;
			buildSettings = {
				ASSETCATALOG_COMPILER_APPICON_NAME = AppIcon;
				ASSETCATALOG_COMPILER_GLOBAL_ACCENT_COLOR_NAME = AccentColor;
				CODE_SIGN_STYLE = Automatic;
				CURRENT_PROJECT_VERSION = 1;
				DEVELOPMENT_TEAM = N8WXG988VJ;
				GENERATE_INFOPLIST_FILE = YES;
				INFOPLIST_FILE = Mars/Info.plist;
				INFOPLIST_KEY_UIApplicationSupportsIndirectInputEvents = YES;
				INFOPLIST_KEY_UILaunchStoryboardName = LaunchScreen;
				INFOPLIST_KEY_UISupportedInterfaceOrientations_iPad = "UIInterfaceOrientationPortrait UIInterfaceOrientationPortraitUpsideDown UIInterfaceOrientationLandscapeLeft UIInterfaceOrientationLandscapeRight";
				INFOPLIST_KEY_UISupportedInterfaceOrientations_iPhone = "UIInterfaceOrientationPortrait UIInterfaceOrientationLandscapeLeft UIInterfaceOrientationLandscapeRight";
				IPHONEOS_DEPLOYMENT_TARGET = 14.4;
				LD_RUNPATH_SEARCH_PATHS = (
					"$(inherited)",
					"@executable_path/Frameworks",
				);
				MARKETING_VERSION = 1.0.0;
				PRODUCT_BUNDLE_IDENTIFIER = bcc.starbusiness;
				PRODUCT_NAME = "$(TARGET_NAME)";
				SWIFT_EMIT_LOC_STRINGS = YES;
				SWIFT_VERSION = 5.0;
				TARGETED_DEVICE_FAMILY = 1;
			};
			name = Release;
		};
/* End XCBuildConfiguration section */

/* Begin XCConfigurationList section */
		282C737B294263CB005EC424 /* Build configuration list for PBXProject "Mars" */ = {
			isa = XCConfigurationList;
			buildConfigurations = (
				282C7395294263CD005EC424 /* Debug */,
				282C7396294263CD005EC424 /* Release */,
			);
			defaultConfigurationIsVisible = 0;
			defaultConfigurationName = Release;
		};
		282C7397294263CD005EC424 /* Build configuration list for PBXNativeTarget "Mars" */ = {
			isa = XCConfigurationList;
			buildConfigurations = (
				282C7398294263CD005EC424 /* Debug */,
				282C7399294263CD005EC424 /* Release */,
			);
			defaultConfigurationIsVisible = 0;
			defaultConfigurationName = Release;
		};
/* End XCConfigurationList section */

/* Begin XCVersionGroup section */
		282C738C294263CB005EC424 /* Mars.xcdatamodeld */ = {
			isa = XCVersionGroup;
			children = (
				282C738D294263CB005EC424 /* Mars.xcdatamodel */,
			);
			currentVersion = 282C738D294263CB005EC424 /* Mars.xcdatamodel */;
			path = Mars.xcdatamodeld;
			sourceTree = "<group>";
			versionGroupType = wrapper.xcdatamodel;
		};
/* End XCVersionGroup section */
	};
	rootObject = 282C7378294263CB005EC424 /* Project object */;
}
